
Microsoft Visual Studio Solution File, Format Version 12.00
# Visual Studio Version 18
VisualStudioVersion = 18.0.11205.157 d18.0
MinimumVisualStudioVersion = 10.0.40219.1
Project("{FAE04EC0-301F-11D3-BF4B-00C04F79EFBC}") = "Logistica.API", "Logistica.API.csproj", "{05E446DE-30F9-D07E-9C78-54528D1932EF}"
EndProject
Global
	GlobalSection(SolutionConfigurationPlatforms) = preSolution
		Debug|Any CPU = Debug|Any CPU
		Release|Any CPU = Release|Any CPU
	EndGlobalSection
	GlobalSection(ProjectConfigurationPlatforms) = postSolution
		{05E446DE-30F9-D07E-9C78-54528D1932EF}.Debug|Any CPU.ActiveCfg = Debug|Any CPU
		{05E446DE-30F9-D07E-9C78-54528D1932EF}.Debug|Any CPU.Build.0 = Debug|Any CPU
		{05E446DE-30F9-D07E-9C78-54528D1932EF}.Release|Any CPU.ActiveCfg = Release|Any CPU
		{05E446DE-30F9-D07E-9C78-54528D1932EF}.Release|Any CPU.Build.0 = Release|Any CPU
	EndGlobalSection
	GlobalSection(SolutionProperties) = preSolution
		HideSolutionNode = FALSE
	EndGlobalSection
	GlobalSection(ExtensibilityGlobals) = postSolution
		SolutionGuid = {6BE8EBC9-65E1-4C01-B69F-186181E17695}
	EndGlobalSection
EndGlobal
